
Microsoft Visual Studio Solution File, Format Version 12.00
# Visual Studio Version 17
VisualStudioVersion = 17.4.33103.184
MinimumVisualStudioVersion = 10.0.40219.1
Project("{FAE04EC0-301F-11D3-BF4B-00C04F79EFBC}") = "MSFileInfoScanner_with_ProteowizardWrapper", "MSFileInfoScanner\MSFileInfoScanner_with_ProteowizardWrapper.csproj", "{5453CFD1-0DF7-4D70-B81F-0DF6970183C0}"
EndProject
Project("{FAE04EC0-301F-11D3-BF4B-00C04F79EFBC}") = "ProteowizardWrapper", "..\ProteowizardWrapper\ProteowizardWrapper.csproj", "{DACEE7D5-5A6A-4001-9602-FAB1A9A2DE59}"
EndProject
Global
	GlobalSection(SolutionConfigurationPlatforms) = preSolution
		Debug|Any CPU = Debug|Any CPU
		Release|Any CPU = Release|Any CPU
	EndGlobalSection
	GlobalSection(ProjectConfigurationPlatforms) = postSolution
		{5453CFD1-0DF7-4D70-B81F-0DF6970183C0}.Debug|Any CPU.ActiveCfg = Debug|Any CPU
		{5453CFD1-0DF7-4D70-B81F-0DF6970183C0}.Debug|Any CPU.Build.0 = Debug|Any CPU
		{5453CFD1-0DF7-4D70-B81F-0DF6970183C0}.Release|Any CPU.ActiveCfg = Release|Any CPU
		{5453CFD1-0DF7-4D70-B81F-0DF6970183C0}.Release|Any CPU.Build.0 = Release|Any CPU
		{DACEE7D5-5A6A-4001-9602-FAB1A9A2DE59}.Debug|Any CPU.ActiveCfg = Debug|Any CPU
		{DACEE7D5-5A6A-4001-9602-FAB1A9A2DE59}.Debug|Any CPU.Build.0 = Debug|Any CPU
		{DACEE7D5-5A6A-4001-9602-FAB1A9A2DE59}.Release|Any CPU.ActiveCfg = Release|Any CPU
		{DACEE7D5-5A6A-4001-9602-FAB1A9A2DE59}.Release|Any CPU.Build.0 = Release|Any CPU
	EndGlobalSection
	GlobalSection(SolutionProperties) = preSolution
		HideSolutionNode = FALSE
	EndGlobalSection
	GlobalSection(ExtensibilityGlobals) = postSolution
		SolutionGuid = {0AE21292-D31B-4108-A6B5-2773A152E2DB}
	EndGlobalSection
EndGlobal
